
Microsoft Visual Studio Solution File, Format Version 12.00
# Visual Studio Version 16
VisualStudioVersion = 25.0.1706.4
MinimumVisualStudioVersion = 10.0.40219.1
Project("{FAE04EC0-301F-11D3-BF4B-00C04F79EFBC}") = "week_13", "week_13\week_13.csproj", "{932C56DF-2BFF-4450-A020-F457BCE5D440}"
EndProject
Global
	GlobalSection(SolutionConfigurationPlatforms) = preSolution
		Debug|Any CPU = Debug|Any CPU
		Release|Any CPU = Release|Any CPU
	EndGlobalSection
	GlobalSection(ProjectConfigurationPlatforms) = postSolution
		{932C56DF-2BFF-4450-A020-F457BCE5D440}.Debug|Any CPU.ActiveCfg = Debug|Any CPU
		{932C56DF-2BFF-4450-A020-F457BCE5D440}.Debug|Any CPU.Build.0 = Debug|Any CPU
		{932C56DF-2BFF-4450-A020-F457BCE5D440}.Release|Any CPU.ActiveCfg = Release|Any CPU
		{932C56DF-2BFF-4450-A020-F457BCE5D440}.Release|Any CPU.Build.0 = Release|Any CPU
	EndGlobalSection
	GlobalSection(SolutionProperties) = preSolution
		HideSolutionNode = FALSE
	EndGlobalSection
	GlobalSection(ExtensibilityGlobals) = postSolution
		SolutionGuid = {5C1519C3-AF18-46E9-877D-7DF2DAC6690F}
	EndGlobalSection
EndGlobal
