
Microsoft Visual Studio Solution File, Format Version 12.00
# Visual Studio Version 16
VisualStudioVersion = 25.0.1706.4
MinimumVisualStudioVersion = 10.0.40219.1
Project("{FAE04EC0-301F-11D3-BF4B-00C04F79EFBC}") = "Week_6", "Week_6\Week_6.csproj", "{B8241C8D-22D4-464C-8E1A-2C69B7B2406C}"
EndProject
Global
	GlobalSection(SolutionConfigurationPlatforms) = preSolution
		Debug|Any CPU = Debug|Any CPU
		Release|Any CPU = Release|Any CPU
	EndGlobalSection
	GlobalSection(ProjectConfigurationPlatforms) = postSolution
		{B8241C8D-22D4-464C-8E1A-2C69B7B2406C}.Debug|Any CPU.ActiveCfg = Debug|Any CPU
		{B8241C8D-22D4-464C-8E1A-2C69B7B2406C}.Debug|Any CPU.Build.0 = Debug|Any CPU
		{B8241C8D-22D4-464C-8E1A-2C69B7B2406C}.Release|Any CPU.ActiveCfg = Release|Any CPU
		{B8241C8D-22D4-464C-8E1A-2C69B7B2406C}.Release|Any CPU.Build.0 = Release|Any CPU
	EndGlobalSection
	GlobalSection(SolutionProperties) = preSolution
		HideSolutionNode = FALSE
	EndGlobalSection
	GlobalSection(ExtensibilityGlobals) = postSolution
		SolutionGuid = {82F0ECA3-9D47-4133-AB74-421A3F63DB62}
	EndGlobalSection
EndGlobal
