
Microsoft Visual Studio Solution File, Format Version 12.00
# Visual Studio Version 16
VisualStudioVersion = 25.0.1706.4
MinimumVisualStudioVersion = 10.0.40219.1
Project("{FAE04EC0-301F-11D3-BF4B-00C04F79EFBC}") = "Week_9", "Week_9\Week_9.csproj", "{DFBD4415-2CB3-4B83-BD98-87ED573FD05B}"
EndProject
Global
	GlobalSection(SolutionConfigurationPlatforms) = preSolution
		Debug|Any CPU = Debug|Any CPU
		Release|Any CPU = Release|Any CPU
	EndGlobalSection
	GlobalSection(ProjectConfigurationPlatforms) = postSolution
		{DFBD4415-2CB3-4B83-BD98-87ED573FD05B}.Debug|Any CPU.ActiveCfg = Debug|Any CPU
		{DFBD4415-2CB3-4B83-BD98-87ED573FD05B}.Debug|Any CPU.Build.0 = Debug|Any CPU
		{DFBD4415-2CB3-4B83-BD98-87ED573FD05B}.Release|Any CPU.ActiveCfg = Release|Any CPU
		{DFBD4415-2CB3-4B83-BD98-87ED573FD05B}.Release|Any CPU.Build.0 = Release|Any CPU
	EndGlobalSection
	GlobalSection(SolutionProperties) = preSolution
		HideSolutionNode = FALSE
	EndGlobalSection
	GlobalSection(ExtensibilityGlobals) = postSolution
		SolutionGuid = {D9F9D7EC-0033-4FEC-8531-E77FC8FEF28A}
	EndGlobalSection
EndGlobal
