
Microsoft Visual Studio Solution File, Format Version 12.00
# Visual Studio Version 17
VisualStudioVersion = 17.5.33414.496
MinimumVisualStudioVersion = 10.0.40219.1
Project("{FAE04EC0-301F-11D3-BF4B-00C04F79EFBC}") = "week_!0", "week_!0\week_!0.csproj", "{42E204D5-0D59-427B-B1EF-D57BA7B790F7}"
EndProject
Global
	GlobalSection(SolutionConfigurationPlatforms) = preSolution
		Debug|Any CPU = Debug|Any CPU
		Release|Any CPU = Release|Any CPU
	EndGlobalSection
	GlobalSection(ProjectConfigurationPlatforms) = postSolution
		{42E204D5-0D59-427B-B1EF-D57BA7B790F7}.Debug|Any CPU.ActiveCfg = Debug|Any CPU
		{42E204D5-0D59-427B-B1EF-D57BA7B790F7}.Debug|Any CPU.Build.0 = Debug|Any CPU
		{42E204D5-0D59-427B-B1EF-D57BA7B790F7}.Release|Any CPU.ActiveCfg = Release|Any CPU
		{42E204D5-0D59-427B-B1EF-D57BA7B790F7}.Release|Any CPU.Build.0 = Release|Any CPU
	EndGlobalSection
	GlobalSection(SolutionProperties) = preSolution
		HideSolutionNode = FALSE
	EndGlobalSection
	GlobalSection(ExtensibilityGlobals) = postSolution
		SolutionGuid = {556A0078-ED4C-499F-8D5B-76E7E7ABF141}
	EndGlobalSection
EndGlobal
