
Microsoft Visual Studio Solution File, Format Version 12.00
# Visual Studio Version 16
VisualStudioVersion = 25.0.1706.4
MinimumVisualStudioVersion = 10.0.40219.1
Project("{FAE04EC0-301F-11D3-BF4B-00C04F79EFBC}") = "Week2", "Week2\Week2.csproj", "{40A08FBB-D019-4A47-AF40-D55D0CFC4A53}"
EndProject
Global
	GlobalSection(SolutionConfigurationPlatforms) = preSolution
		Debug|Any CPU = Debug|Any CPU
		Release|Any CPU = Release|Any CPU
	EndGlobalSection
	GlobalSection(ProjectConfigurationPlatforms) = postSolution
		{40A08FBB-D019-4A47-AF40-D55D0CFC4A53}.Debug|Any CPU.ActiveCfg = Debug|Any CPU
		{40A08FBB-D019-4A47-AF40-D55D0CFC4A53}.Debug|Any CPU.Build.0 = Debug|Any CPU
		{40A08FBB-D019-4A47-AF40-D55D0CFC4A53}.Release|Any CPU.ActiveCfg = Release|Any CPU
		{40A08FBB-D019-4A47-AF40-D55D0CFC4A53}.Release|Any CPU.Build.0 = Release|Any CPU
	EndGlobalSection
	GlobalSection(SolutionProperties) = preSolution
		HideSolutionNode = FALSE
	EndGlobalSection
	GlobalSection(ExtensibilityGlobals) = postSolution
		SolutionGuid = {E7AD56EE-2090-42E8-A8F0-4B604A41C941}
	EndGlobalSection
EndGlobal
