
Microsoft Visual Studio Solution File, Format Version 12.00
# Visual Studio Version 16
VisualStudioVersion = 25.0.1706.4
MinimumVisualStudioVersion = 10.0.40219.1
Project("{FAE04EC0-301F-11D3-BF4B-00C04F79EFBC}") = "Week_11", "Week_11\Week_11.csproj", "{B250BE8A-37A0-4E82-B763-47A3FF2901F5}"
EndProject
Global
	GlobalSection(SolutionConfigurationPlatforms) = preSolution
		Debug|Any CPU = Debug|Any CPU
		Release|Any CPU = Release|Any CPU
	EndGlobalSection
	GlobalSection(ProjectConfigurationPlatforms) = postSolution
		{B250BE8A-37A0-4E82-B763-47A3FF2901F5}.Debug|Any CPU.ActiveCfg = Debug|Any CPU
		{B250BE8A-37A0-4E82-B763-47A3FF2901F5}.Debug|Any CPU.Build.0 = Debug|Any CPU
		{B250BE8A-37A0-4E82-B763-47A3FF2901F5}.Release|Any CPU.ActiveCfg = Release|Any CPU
		{B250BE8A-37A0-4E82-B763-47A3FF2901F5}.Release|Any CPU.Build.0 = Release|Any CPU
	EndGlobalSection
	GlobalSection(SolutionProperties) = preSolution
		HideSolutionNode = FALSE
	EndGlobalSection
	GlobalSection(ExtensibilityGlobals) = postSolution
		SolutionGuid = {A9221071-31C4-47D2-A8F3-E26C5FB05843}
	EndGlobalSection
EndGlobal
