
Microsoft Visual Studio Solution File, Format Version 12.00
# Visual Studio Version 17
VisualStudioVersion = 17.5.33414.496
MinimumVisualStudioVersion = 10.0.40219.1
Project("{FAE04EC0-301F-11D3-BF4B-00C04F79EFBC}") = "binaryTree", "binaryTree\binaryTree.csproj", "{2FB37FE9-753C-447D-990E-4637B8A835BB}"
EndProject
Global
	GlobalSection(SolutionConfigurationPlatforms) = preSolution
		Debug|Any CPU = Debug|Any CPU
		Release|Any CPU = Release|Any CPU
	EndGlobalSection
	GlobalSection(ProjectConfigurationPlatforms) = postSolution
		{2FB37FE9-753C-447D-990E-4637B8A835BB}.Debug|Any CPU.ActiveCfg = Debug|Any CPU
		{2FB37FE9-753C-447D-990E-4637B8A835BB}.Debug|Any CPU.Build.0 = Debug|Any CPU
		{2FB37FE9-753C-447D-990E-4637B8A835BB}.Release|Any CPU.ActiveCfg = Release|Any CPU
		{2FB37FE9-753C-447D-990E-4637B8A835BB}.Release|Any CPU.Build.0 = Release|Any CPU
	EndGlobalSection
	GlobalSection(SolutionProperties) = preSolution
		HideSolutionNode = FALSE
	EndGlobalSection
	GlobalSection(ExtensibilityGlobals) = postSolution
		SolutionGuid = {5F84BDF0-259A-4F0C-AEF0-B73D49940633}
	EndGlobalSection
EndGlobal
